
Microsoft Visual Studio Solution File, Format Version 12.00
# Visual Studio Version 17
VisualStudioVersion = 17.8.34511.84
MinimumVisualStudioVersion = 10.0.40219.1
Project("{FAE04EC0-301F-11D3-BF4B-00C04F79EFBC}") = "DictionaryEditor2", "DictionaryEditor2\DictionaryEditor2.csproj", "{29C8AE1F-8D2A-4CCA-A19B-7D1869EE55B2}"
EndProject
Project("{FAE04EC0-301F-11D3-BF4B-00C04F79EFBC}") = "DictionaryEditor.Db", "..\DictionaryEditor.Db\DictionaryEditor.Db.csproj", "{FDC21179-770C-412D-ACFD-EA5C816AD9DA}"
EndProject
Global
	GlobalSection(SolutionConfigurationPlatforms) = preSolution
		Debug|Any CPU = Debug|Any CPU
		Release|Any CPU = Release|Any CPU
	EndGlobalSection
	GlobalSection(ProjectConfigurationPlatforms) = postSolution
		{29C8AE1F-8D2A-4CCA-A19B-7D1869EE55B2}.Debug|Any CPU.ActiveCfg = Debug|Any CPU
		{29C8AE1F-8D2A-4CCA-A19B-7D1869EE55B2}.Debug|Any CPU.Build.0 = Debug|Any CPU
		{29C8AE1F-8D2A-4CCA-A19B-7D1869EE55B2}.Release|Any CPU.ActiveCfg = Release|Any CPU
		{29C8AE1F-8D2A-4CCA-A19B-7D1869EE55B2}.Release|Any CPU.Build.0 = Release|Any CPU
		{FDC21179-770C-412D-ACFD-EA5C816AD9DA}.Debug|Any CPU.ActiveCfg = Debug|Any CPU
		{FDC21179-770C-412D-ACFD-EA5C816AD9DA}.Debug|Any CPU.Build.0 = Debug|Any CPU
		{FDC21179-770C-412D-ACFD-EA5C816AD9DA}.Release|Any CPU.ActiveCfg = Release|Any CPU
		{FDC21179-770C-412D-ACFD-EA5C816AD9DA}.Release|Any CPU.Build.0 = Release|Any CPU
	EndGlobalSection
	GlobalSection(SolutionProperties) = preSolution
		HideSolutionNode = FALSE
	EndGlobalSection
	GlobalSection(ExtensibilityGlobals) = postSolution
		SolutionGuid = {89BA84F4-970A-4EEF-8131-227466BC5F53}
	EndGlobalSection
EndGlobal
